
Microsoft Visual Studio Solution File, Format Version 12.00
# Visual Studio 2012
Project("{FAE04EC0-301F-11D3-BF4B-00C04F79EFBC}") = "Masterpages.UserProfile", "Masterpages\Masterpages.UserProfile.csproj", "{9A7DCB56-DD64-40EF-8FA1-8463DA14AD2D}"
EndProject
Project("{FAE04EC0-301F-11D3-BF4B-00C04F79EFBC}") = "Masterpages.Nasted", "Masterpages.Nasted\Masterpages.Nasted.csproj", "{B4E7225A-A6AD-43DC-8266-E5CF38C543CC}"
EndProject
Global
	GlobalSection(SolutionConfigurationPlatforms) = preSolution
		Debug|Any CPU = Debug|Any CPU
		Release|Any CPU = Release|Any CPU
	EndGlobalSection
	GlobalSection(ProjectConfigurationPlatforms) = postSolution
		{9A7DCB56-DD64-40EF-8FA1-8463DA14AD2D}.Debug|Any CPU.ActiveCfg = Debug|Any CPU
		{9A7DCB56-DD64-40EF-8FA1-8463DA14AD2D}.Debug|Any CPU.Build.0 = Debug|Any CPU
		{9A7DCB56-DD64-40EF-8FA1-8463DA14AD2D}.Release|Any CPU.ActiveCfg = Release|Any CPU
		{9A7DCB56-DD64-40EF-8FA1-8463DA14AD2D}.Release|Any CPU.Build.0 = Release|Any CPU
		{B4E7225A-A6AD-43DC-8266-E5CF38C543CC}.Debug|Any CPU.ActiveCfg = Debug|Any CPU
		{B4E7225A-A6AD-43DC-8266-E5CF38C543CC}.Debug|Any CPU.Build.0 = Debug|Any CPU
		{B4E7225A-A6AD-43DC-8266-E5CF38C543CC}.Release|Any CPU.ActiveCfg = Release|Any CPU
		{B4E7225A-A6AD-43DC-8266-E5CF38C543CC}.Release|Any CPU.Build.0 = Release|Any CPU
	EndGlobalSection
	GlobalSection(SolutionProperties) = preSolution
		HideSolutionNode = FALSE
	EndGlobalSection
EndGlobal
