
Microsoft Visual Studio Solution File, Format Version 11.00
# Visual Studio 2010
Project("{FAE04EC0-301F-11D3-BF4B-00C04F79EFBC}") = "SecretCommunicator.WebApp", "SecretCommunicator.WebApp\SecretCommunicator.WebApp.csproj", "{70852434-B730-4AFD-AF7E-0AC8C98780B3}"
EndProject
Project("{FAE04EC0-301F-11D3-BF4B-00C04F79EFBC}") = "SecretCommunicator.WebData", "SecretCommunicator.WebData\SecretCommunicator.WebData.csproj", "{CFF2BCAC-01D1-4C18-BE04-E8176931B9FF}"
EndProject
Global
	GlobalSection(SolutionConfigurationPlatforms) = preSolution
		Debug|Any CPU = Debug|Any CPU
		Release|Any CPU = Release|Any CPU
	EndGlobalSection
	GlobalSection(ProjectConfigurationPlatforms) = postSolution
		{70852434-B730-4AFD-AF7E-0AC8C98780B3}.Debug|Any CPU.ActiveCfg = Debug|Any CPU
		{70852434-B730-4AFD-AF7E-0AC8C98780B3}.Debug|Any CPU.Build.0 = Debug|Any CPU
		{70852434-B730-4AFD-AF7E-0AC8C98780B3}.Release|Any CPU.ActiveCfg = Release|Any CPU
		{70852434-B730-4AFD-AF7E-0AC8C98780B3}.Release|Any CPU.Build.0 = Release|Any CPU
		{CFF2BCAC-01D1-4C18-BE04-E8176931B9FF}.Debug|Any CPU.ActiveCfg = Debug|Any CPU
		{CFF2BCAC-01D1-4C18-BE04-E8176931B9FF}.Debug|Any CPU.Build.0 = Debug|Any CPU
		{CFF2BCAC-01D1-4C18-BE04-E8176931B9FF}.Release|Any CPU.ActiveCfg = Release|Any CPU
		{CFF2BCAC-01D1-4C18-BE04-E8176931B9FF}.Release|Any CPU.Build.0 = Release|Any CPU
	EndGlobalSection
	GlobalSection(SolutionProperties) = preSolution
		HideSolutionNode = FALSE
	EndGlobalSection
EndGlobal
