
Microsoft Visual Studio Solution File, Format Version 12.00
# Visual Studio 2012
Project("{FAE04EC0-301F-11D3-BF4B-00C04F79EFBC}") = "TextFiles", "TextFiles\TextFiles.csproj", "{9613BA36-CF41-4D92-888B-655332315769}"
EndProject
Global
	GlobalSection(SolutionConfigurationPlatforms) = preSolution
		Debug|Any CPU = Debug|Any CPU
		Release|Any CPU = Release|Any CPU
	EndGlobalSection
	GlobalSection(ProjectConfigurationPlatforms) = postSolution
		{9613BA36-CF41-4D92-888B-655332315769}.Debug|Any CPU.ActiveCfg = Debug|Any CPU
		{9613BA36-CF41-4D92-888B-655332315769}.Debug|Any CPU.Build.0 = Debug|Any CPU
		{9613BA36-CF41-4D92-888B-655332315769}.Release|Any CPU.ActiveCfg = Release|Any CPU
		{9613BA36-CF41-4D92-888B-655332315769}.Release|Any CPU.Build.0 = Release|Any CPU
	EndGlobalSection
	GlobalSection(SolutionProperties) = preSolution
		HideSolutionNode = FALSE
	EndGlobalSection
EndGlobal
