
Microsoft Visual Studio Solution File, Format Version 12.00
# Visual Studio 2012
Project("{FAE04EC0-301F-11D3-BF4B-00C04F79EFBC}") = "Musicstore.Server.WebApi", "Musicstore.Server.WebApi\Musicstore.Server.WebApi.csproj", "{42772153-3767-4B6C-8BF1-5D98977C65FF}"
EndProject
Project("{FAE04EC0-301F-11D3-BF4B-00C04F79EFBC}") = "Musicstore.Server.Data", "Musicstore.Server.Data\Musicstore.Server.Data.csproj", "{7F0EB63B-9FA9-4487-A7B4-00D4F2C1EDE9}"
EndProject
Project("{FAE04EC0-301F-11D3-BF4B-00C04F79EFBC}") = "Musicstore.Server.Models", "Musicstore.Server.Models\Musicstore.Server.Models.csproj", "{EE5518CC-2475-478D-959D-8ED927BBC6ED}"
EndProject
Project("{2150E333-8FDC-42A3-9474-1A3956D46DE8}") = ".nuget", ".nuget", "{6435F3D3-DC11-41A8-99CB-7940B58B7BF3}"
	ProjectSection(SolutionItems) = preProject
		.nuget\NuGet.Config = .nuget\NuGet.Config
		.nuget\NuGet.exe = .nuget\NuGet.exe
		.nuget\NuGet.targets = .nuget\NuGet.targets
	EndProjectSection
EndProject
Global
	GlobalSection(SolutionConfigurationPlatforms) = preSolution
		Debug|Any CPU = Debug|Any CPU
		Release|Any CPU = Release|Any CPU
	EndGlobalSection
	GlobalSection(ProjectConfigurationPlatforms) = postSolution
		{42772153-3767-4B6C-8BF1-5D98977C65FF}.Debug|Any CPU.ActiveCfg = Debug|Any CPU
		{42772153-3767-4B6C-8BF1-5D98977C65FF}.Debug|Any CPU.Build.0 = Debug|Any CPU
		{42772153-3767-4B6C-8BF1-5D98977C65FF}.Release|Any CPU.ActiveCfg = Release|Any CPU
		{42772153-3767-4B6C-8BF1-5D98977C65FF}.Release|Any CPU.Build.0 = Release|Any CPU
		{7F0EB63B-9FA9-4487-A7B4-00D4F2C1EDE9}.Debug|Any CPU.ActiveCfg = Debug|Any CPU
		{7F0EB63B-9FA9-4487-A7B4-00D4F2C1EDE9}.Debug|Any CPU.Build.0 = Debug|Any CPU
		{7F0EB63B-9FA9-4487-A7B4-00D4F2C1EDE9}.Release|Any CPU.ActiveCfg = Release|Any CPU
		{7F0EB63B-9FA9-4487-A7B4-00D4F2C1EDE9}.Release|Any CPU.Build.0 = Release|Any CPU
		{EE5518CC-2475-478D-959D-8ED927BBC6ED}.Debug|Any CPU.ActiveCfg = Debug|Any CPU
		{EE5518CC-2475-478D-959D-8ED927BBC6ED}.Debug|Any CPU.Build.0 = Debug|Any CPU
		{EE5518CC-2475-478D-959D-8ED927BBC6ED}.Release|Any CPU.ActiveCfg = Release|Any CPU
		{EE5518CC-2475-478D-959D-8ED927BBC6ED}.Release|Any CPU.Build.0 = Release|Any CPU
	EndGlobalSection
	GlobalSection(SolutionProperties) = preSolution
		HideSolutionNode = FALSE
	EndGlobalSection
EndGlobal
