
Microsoft Visual Studio Solution File, Format Version 12.00
# Visual Studio 2012
Project("{FAE04EC0-301F-11D3-BF4B-00C04F79EFBC}") = "PrimitiveDataTypesAndVariables", "PrimitiveDataTypesAndVariables\PrimitiveDataTypesAndVariables.csproj", "{449692A6-5EE5-4EB1-B5E0-C769C8236BC9}"
EndProject
Global
	GlobalSection(SolutionConfigurationPlatforms) = preSolution
		Debug|Any CPU = Debug|Any CPU
		Release|Any CPU = Release|Any CPU
	EndGlobalSection
	GlobalSection(ProjectConfigurationPlatforms) = postSolution
		{449692A6-5EE5-4EB1-B5E0-C769C8236BC9}.Debug|Any CPU.ActiveCfg = Debug|Any CPU
		{449692A6-5EE5-4EB1-B5E0-C769C8236BC9}.Debug|Any CPU.Build.0 = Debug|Any CPU
		{449692A6-5EE5-4EB1-B5E0-C769C8236BC9}.Release|Any CPU.ActiveCfg = Release|Any CPU
		{449692A6-5EE5-4EB1-B5E0-C769C8236BC9}.Release|Any CPU.Build.0 = Release|Any CPU
	EndGlobalSection
	GlobalSection(SolutionProperties) = preSolution
		HideSolutionNode = FALSE
	EndGlobalSection
EndGlobal
