
Microsoft Visual Studio Solution File, Format Version 12.00
# Visual Studio 2012
Project("{FAE04EC0-301F-11D3-BF4B-00C04F79EFBC}") = "AdoNet.Data", "AdoNet.Data\AdoNet.Data.csproj", "{C7A6F148-088E-4916-BAFB-7FE4A7743A15}"
EndProject
Project("{FAE04EC0-301F-11D3-BF4B-00C04F79EFBC}") = "GetNumberOfRowsForCategory", "GetNumberOfRowsForCategory\GetNumberOfRowsForCategory.csproj", "{4539E82B-49CB-4388-B21B-E65843F1874B}"
EndProject
Project("{FAE04EC0-301F-11D3-BF4B-00C04F79EFBC}") = "GetNameAndDescriptionFromCategories", "GetNameAndDescriptionFromCategories\GetNameAndDescriptionFromCategories.csproj", "{37FD47A3-BBA5-44AD-A9CC-0ACCA6CA912E}"
EndProject
Project("{FAE04EC0-301F-11D3-BF4B-00C04F79EFBC}") = "ADONET.WebApp", "ADONET.WebApp\ADONET.WebApp.csproj", "{2BD04745-0395-40AF-A3F3-2ADD71660017}"
EndProject
Global
	GlobalSection(SolutionConfigurationPlatforms) = preSolution
		Debug|Any CPU = Debug|Any CPU
		Release|Any CPU = Release|Any CPU
	EndGlobalSection
	GlobalSection(ProjectConfigurationPlatforms) = postSolution
		{C7A6F148-088E-4916-BAFB-7FE4A7743A15}.Debug|Any CPU.ActiveCfg = Debug|Any CPU
		{C7A6F148-088E-4916-BAFB-7FE4A7743A15}.Debug|Any CPU.Build.0 = Debug|Any CPU
		{C7A6F148-088E-4916-BAFB-7FE4A7743A15}.Release|Any CPU.ActiveCfg = Release|Any CPU
		{C7A6F148-088E-4916-BAFB-7FE4A7743A15}.Release|Any CPU.Build.0 = Release|Any CPU
		{4539E82B-49CB-4388-B21B-E65843F1874B}.Debug|Any CPU.ActiveCfg = Debug|Any CPU
		{4539E82B-49CB-4388-B21B-E65843F1874B}.Debug|Any CPU.Build.0 = Debug|Any CPU
		{4539E82B-49CB-4388-B21B-E65843F1874B}.Release|Any CPU.ActiveCfg = Release|Any CPU
		{4539E82B-49CB-4388-B21B-E65843F1874B}.Release|Any CPU.Build.0 = Release|Any CPU
		{37FD47A3-BBA5-44AD-A9CC-0ACCA6CA912E}.Debug|Any CPU.ActiveCfg = Debug|Any CPU
		{37FD47A3-BBA5-44AD-A9CC-0ACCA6CA912E}.Debug|Any CPU.Build.0 = Debug|Any CPU
		{37FD47A3-BBA5-44AD-A9CC-0ACCA6CA912E}.Release|Any CPU.ActiveCfg = Release|Any CPU
		{37FD47A3-BBA5-44AD-A9CC-0ACCA6CA912E}.Release|Any CPU.Build.0 = Release|Any CPU
		{2BD04745-0395-40AF-A3F3-2ADD71660017}.Debug|Any CPU.ActiveCfg = Debug|Any CPU
		{2BD04745-0395-40AF-A3F3-2ADD71660017}.Debug|Any CPU.Build.0 = Debug|Any CPU
		{2BD04745-0395-40AF-A3F3-2ADD71660017}.Release|Any CPU.ActiveCfg = Release|Any CPU
		{2BD04745-0395-40AF-A3F3-2ADD71660017}.Release|Any CPU.Build.0 = Release|Any CPU
	EndGlobalSection
	GlobalSection(SolutionProperties) = preSolution
		HideSolutionNode = FALSE
	EndGlobalSection
EndGlobal
