
Microsoft Visual Studio Solution File, Format Version 12.00
# Visual Studio 2012
Project("{FAE04EC0-301F-11D3-BF4B-00C04F79EFBC}") = "Musicstore.Client.WebApp", "Musicstore.Client.WebApp\Musicstore.Client.WebApp.csproj", "{E27B31C8-8C84-45C9-93E3-1048B45D745A}"
EndProject
Project("{FAE04EC0-301F-11D3-BF4B-00C04F79EFBC}") = "Musicstore.Client.JsApp", "Musicstore.Client.JsApp\Musicstore.Client.JsApp.csproj", "{B083F7BC-71A8-477C-BAA8-F9E9FF08C771}"
EndProject
Project("{2150E333-8FDC-42A3-9474-1A3956D46DE8}") = ".nuget", ".nuget", "{A6ABF84B-ECBB-4E24-9ED9-999EAC3FF8A5}"
	ProjectSection(SolutionItems) = preProject
		.nuget\NuGet.Config = .nuget\NuGet.Config
		.nuget\NuGet.exe = .nuget\NuGet.exe
		.nuget\NuGet.targets = .nuget\NuGet.targets
	EndProjectSection
EndProject
Global
	GlobalSection(SolutionConfigurationPlatforms) = preSolution
		Debug|Any CPU = Debug|Any CPU
		Release|Any CPU = Release|Any CPU
	EndGlobalSection
	GlobalSection(ProjectConfigurationPlatforms) = postSolution
		{E27B31C8-8C84-45C9-93E3-1048B45D745A}.Debug|Any CPU.ActiveCfg = Debug|Any CPU
		{E27B31C8-8C84-45C9-93E3-1048B45D745A}.Debug|Any CPU.Build.0 = Debug|Any CPU
		{E27B31C8-8C84-45C9-93E3-1048B45D745A}.Release|Any CPU.ActiveCfg = Release|Any CPU
		{E27B31C8-8C84-45C9-93E3-1048B45D745A}.Release|Any CPU.Build.0 = Release|Any CPU
		{B083F7BC-71A8-477C-BAA8-F9E9FF08C771}.Debug|Any CPU.ActiveCfg = Debug|Any CPU
		{B083F7BC-71A8-477C-BAA8-F9E9FF08C771}.Debug|Any CPU.Build.0 = Debug|Any CPU
		{B083F7BC-71A8-477C-BAA8-F9E9FF08C771}.Release|Any CPU.ActiveCfg = Release|Any CPU
		{B083F7BC-71A8-477C-BAA8-F9E9FF08C771}.Release|Any CPU.Build.0 = Release|Any CPU
	EndGlobalSection
	GlobalSection(SolutionProperties) = preSolution
		HideSolutionNode = FALSE
	EndGlobalSection
EndGlobal
