
Microsoft Visual Studio Solution File, Format Version 12.00
# Visual Studio 2012
Project("{FAE04EC0-301F-11D3-BF4B-00C04F79EFBC}") = "MessagesInBottle", "MessagesInBottle\MessagesInBottle.csproj", "{DC48E199-2D52-4028-A9A0-AFAF884B4916}"
EndProject
Project("{FAE04EC0-301F-11D3-BF4B-00C04F79EFBC}") = "AcademyTasks", "AcademyTasks\AcademyTasks.csproj", "{F373FC98-4DA0-479D-B2F3-A1885C030AFF}"
EndProject
Project("{FAE04EC0-301F-11D3-BF4B-00C04F79EFBC}") = "RiskWinsRiskLoses", "RiskWinsRiskLoses\RiskWinsRiskLoses.csproj", "{0F546E71-1C49-40FE-8530-FB448A3CD1B1}"
EndProject
Project("{FAE04EC0-301F-11D3-BF4B-00C04F79EFBC}") = "ShoppingCenter", "ShoppingCenter\ShoppingCenter.csproj", "{AFB598F1-269A-49FD-B977-396C978BFD52}"
EndProject
Project("{FAE04EC0-301F-11D3-BF4B-00C04F79EFBC}") = "FriendsInPesho", "FriendsInPesho\FriendsInPesho.csproj", "{AB93DAA9-7AE4-4ED4-94FF-93551FDA355B}"
EndProject
Global
	GlobalSection(SolutionConfigurationPlatforms) = preSolution
		Debug|Any CPU = Debug|Any CPU
		Release|Any CPU = Release|Any CPU
	EndGlobalSection
	GlobalSection(ProjectConfigurationPlatforms) = postSolution
		{DC48E199-2D52-4028-A9A0-AFAF884B4916}.Debug|Any CPU.ActiveCfg = Debug|Any CPU
		{DC48E199-2D52-4028-A9A0-AFAF884B4916}.Debug|Any CPU.Build.0 = Debug|Any CPU
		{DC48E199-2D52-4028-A9A0-AFAF884B4916}.Release|Any CPU.ActiveCfg = Release|Any CPU
		{DC48E199-2D52-4028-A9A0-AFAF884B4916}.Release|Any CPU.Build.0 = Release|Any CPU
		{F373FC98-4DA0-479D-B2F3-A1885C030AFF}.Debug|Any CPU.ActiveCfg = Debug|Any CPU
		{F373FC98-4DA0-479D-B2F3-A1885C030AFF}.Debug|Any CPU.Build.0 = Debug|Any CPU
		{F373FC98-4DA0-479D-B2F3-A1885C030AFF}.Release|Any CPU.ActiveCfg = Release|Any CPU
		{F373FC98-4DA0-479D-B2F3-A1885C030AFF}.Release|Any CPU.Build.0 = Release|Any CPU
		{0F546E71-1C49-40FE-8530-FB448A3CD1B1}.Debug|Any CPU.ActiveCfg = Debug|Any CPU
		{0F546E71-1C49-40FE-8530-FB448A3CD1B1}.Debug|Any CPU.Build.0 = Debug|Any CPU
		{0F546E71-1C49-40FE-8530-FB448A3CD1B1}.Release|Any CPU.ActiveCfg = Release|Any CPU
		{0F546E71-1C49-40FE-8530-FB448A3CD1B1}.Release|Any CPU.Build.0 = Release|Any CPU
		{AFB598F1-269A-49FD-B977-396C978BFD52}.Debug|Any CPU.ActiveCfg = Debug|Any CPU
		{AFB598F1-269A-49FD-B977-396C978BFD52}.Debug|Any CPU.Build.0 = Debug|Any CPU
		{AFB598F1-269A-49FD-B977-396C978BFD52}.Release|Any CPU.ActiveCfg = Release|Any CPU
		{AFB598F1-269A-49FD-B977-396C978BFD52}.Release|Any CPU.Build.0 = Release|Any CPU
		{AB93DAA9-7AE4-4ED4-94FF-93551FDA355B}.Debug|Any CPU.ActiveCfg = Debug|Any CPU
		{AB93DAA9-7AE4-4ED4-94FF-93551FDA355B}.Debug|Any CPU.Build.0 = Debug|Any CPU
		{AB93DAA9-7AE4-4ED4-94FF-93551FDA355B}.Release|Any CPU.ActiveCfg = Release|Any CPU
		{AB93DAA9-7AE4-4ED4-94FF-93551FDA355B}.Release|Any CPU.Build.0 = Release|Any CPU
	EndGlobalSection
	GlobalSection(SolutionProperties) = preSolution
		HideSolutionNode = FALSE
	EndGlobalSection
EndGlobal
